// !$*UTF8*$!
{
	archiveVersion = 1;
	classes = {
	};
	objectVersion = 56;
	objects = {

/* Begin PBXBuildFile section */
		534E54A92B3EC57C0052AF72 /* LearningLoverApp.swift in Sources */ = {isa = PBXBuildFile; fileRef = 534E54A82B3EC57C0052AF72 /* LearningLoverApp.swift */; };
		534E54AB2B3EC57C0052AF72 /* ContentView.swift in Sources */ = {isa = PBXBuildFile; fileRef = 534E54AA2B3EC57C0052AF72 /* ContentView.swift */; };
		534E54AD2B3EC57E0052AF72 /* Assets.xcassets in Resources */ = {isa = PBXBuildFile; fileRef = 534E54AC2B3EC57E0052AF72 /* Assets.xcassets */; };
		534E54B02B3EC57E0052AF72 /* Preview Assets.xcassets in Resources */ = {isa = PBXBuildFile; fileRef = 534E54AF2B3EC57E0052AF72 /* Preview Assets.xcassets */; };
		534E54BA2B3EC57E0052AF72 /* LearningLoverTests.swift in Sources */ = {isa = PBXBuildFile; fileRef = 534E54B92B3EC57E0052AF72 /* LearningLoverTests.swift */; };
		534E54D52B3ECB6C0052AF72 /* ViewInspector in Frameworks */ = {isa = PBXBuildFile; productRef = 534E54D42B3ECB6C0052AF72 /* ViewInspector */; };
		534E54D82B3ECF670052AF72 /* ViewInspector in Frameworks */ = {isa = PBXBuildFile; productRef = 534E54D72B3ECF670052AF72 /* ViewInspector */; };
/* End PBXBuildFile section */

/* Begin PBXContainerItemProxy section */
		534E54B62B3EC57E0052AF72 /* PBXContainerItemProxy */ = {
			isa = PBXContainerItemProxy;
			containerPortal = 534E549D2B3EC57C0052AF72 /* Project object */;
			proxyType = 1;
			remoteGlobalIDString = 534E54A42B3EC57C0052AF72;
			remoteInfo = LearningLover;
		};
/* End PBXContainerItemProxy section */

/* Begin PBXFileReference section */
		534E54A52B3EC57C0052AF72 /* LearningLover.app */ = {isa = PBXFileReference; explicitFileType = wrapper.application; includeInIndex = 0; path = LearningLover.app; sourceTree = BUILT_PRODUCTS_DIR; };
		534E54A82B3EC57C0052AF72 /* LearningLoverApp.swift */ = {isa = PBXFileReference; lastKnownFileType = sourcecode.swift; path = LearningLoverApp.swift; sourceTree = "<group>"; };
		534E54AA2B3EC57C0052AF72 /* ContentView.swift */ = {isa = PBXFileReference; lastKnownFileType = sourcecode.swift; path = ContentView.swift; sourceTree = "<group>"; };
		534E54AC2B3EC57E0052AF72 /* Assets.xcassets */ = {isa = PBXFileReference; lastKnownFileType = folder.assetcatalog; path = Assets.xcassets; sourceTree = "<group>"; };
		534E54AF2B3EC57E0052AF72 /* Preview Assets.xcassets */ = {isa = PBXFileReference; lastKnownFileType = folder.assetcatalog; path = "Preview Assets.xcassets"; sourceTree = "<group>"; };
		534E54B52B3EC57E0052AF72 /* LearningLoverTests.xctest */ = {isa = PBXFileReference; explicitFileType = wrapper.cfbundle; includeInIndex = 0; path = LearningLoverTests.xctest; sourceTree = BUILT_PRODUCTS_DIR; };
		534E54B92B3EC57E0052AF72 /* LearningLoverTests.swift */ = {isa = PBXFileReference; lastKnownFileType = sourcecode.swift; path = LearningLoverTests.swift; sourceTree = "<group>"; };
		534E54D22B3EC59A0052AF72 /* LearningLover.xctestplan */ = {isa = PBXFileReference; lastKnownFileType = text; path = LearningLover.xctestplan; sourceTree = "<group>"; };
/* End PBXFileReference section */

/* Begin PBXFrameworksBuildPhase section */
		534E54A22B3EC57C0052AF72 /* Frameworks */ = {
			isa = PBXFrameworksBuildPhase;
			buildActionMask = 2147483647;
			files = (
				534E54D52B3ECB6C0052AF72 /* ViewInspector in Frameworks */,
			);
			runOnlyForDeploymentPostprocessing = 0;
		};
		534E54B22B3EC57E0052AF72 /* Frameworks */ = {
			isa = PBXFrameworksBuildPhase;
			buildActionMask = 2147483647;
			files = (
				534E54D82B3ECF670052AF72 /* ViewInspector in Frameworks */,
			);
			runOnlyForDeploymentPostprocessing = 0;
		};
/* End PBXFrameworksBuildPhase section */

/* Begin PBXGroup section */
		534E549C2B3EC57C0052AF72 = {
			isa = PBXGroup;
			children = (
				534E54D22B3EC59A0052AF72 /* LearningLover.xctestplan */,
				534E54A72B3EC57C0052AF72 /* LearningLover */,
				534E54B82B3EC57E0052AF72 /* LearningLoverTests */,
				534E54A62B3EC57C0052AF72 /* Products */,
				534E54D62B3ECF670052AF72 /* Frameworks */,
			);
			sourceTree = "<group>";
		};
		534E54A62B3EC57C0052AF72 /* Products */ = {
			isa = PBXGroup;
			children = (
				534E54A52B3EC57C0052AF72 /* LearningLover.app */,
				534E54B52B3EC57E0052AF72 /* LearningLoverTests.xctest */,
			);
			name = Products;
			sourceTree = "<group>";
		};
		534E54A72B3EC57C0052AF72 /* LearningLover */ = {
			isa = PBXGroup;
			children = (
				534E54A82B3EC57C0052AF72 /* LearningLoverApp.swift */,
				534E54AA2B3EC57C0052AF72 /* ContentView.swift */,
				534E54AC2B3EC57E0052AF72 /* Assets.xcassets */,
				534E54AE2B3EC57E0052AF72 /* Preview Content */,
			);
			path = LearningLover;
			sourceTree = "<group>";
		};
		534E54AE2B3EC57E0052AF72 /* Preview Content */ = {
			isa = PBXGroup;
			children = (
				534E54AF2B3EC57E0052AF72 /* Preview Assets.xcassets */,
			);
			path = "Preview Content";
			sourceTree = "<group>";
		};
		534E54B82B3EC57E0052AF72 /* LearningLoverTests */ = {
			isa = PBXGroup;
			children = (
				534E54B92B3EC57E0052AF72 /* LearningLoverTests.swift */,
			);
			path = LearningLoverTests;
			sourceTree = "<group>";
		};
		534E54D62B3ECF670052AF72 /* Frameworks */ = {
			isa = PBXGroup;
			children = (
			);
			name = Frameworks;
			sourceTree = "<group>";
		};
/* End PBXGroup section */

/* Begin PBXNativeTarget section */
		534E54A42B3EC57C0052AF72 /* LearningLover */ = {
			isa = PBXNativeTarget;
			buildConfigurationList = 534E54C92B3EC57E0052AF72 /* Build configuration list for PBXNativeTarget "LearningLover" */;
			buildPhases = (
				534E54A12B3EC57C0052AF72 /* Sources */,
				534E54A22B3EC57C0052AF72 /* Frameworks */,
				534E54A32B3EC57C0052AF72 /* Resources */,
			);
			buildRules = (
			);
			dependencies = (
			);
			name = LearningLover;
			packageProductDependencies = (
				534E54D42B3ECB6C0052AF72 /* ViewInspector */,
			);
			productName = LearningLover;
			productReference = 534E54A52B3EC57C0052AF72 /* LearningLover.app */;
			productType = "com.apple.product-type.application";
		};
		534E54B42B3EC57E0052AF72 /* LearningLoverTests */ = {
			isa = PBXNativeTarget;
			buildConfigurationList = 534E54CC2B3EC57E0052AF72 /* Build configuration list for PBXNativeTarget "LearningLoverTests" */;
			buildPhases = (
				534E54B12B3EC57E0052AF72 /* Sources */,
				534E54B22B3EC57E0052AF72 /* Frameworks */,
				534E54B32B3EC57E0052AF72 /* Resources */,
			);
			buildRules = (
			);
			dependencies = (
				534E54B72B3EC57E0052AF72 /* PBXTargetDependency */,
			);
			name = LearningLoverTests;
			packageProductDependencies = (
				534E54D72B3ECF670052AF72 /* ViewInspector */,
			);
			productName = LearningLoverTests;
			productReference = 534E54B52B3EC57E0052AF72 /* LearningLoverTests.xctest */;
			productType = "com.apple.product-type.bundle.unit-test";
		};
/* End PBXNativeTarget section */

/* Begin PBXProject section */
		534E549D2B3EC57C0052AF72 /* Project object */ = {
			isa = PBXProject;
			attributes = {
				BuildIndependentTargetsInParallel = 1;
				LastSwiftUpdateCheck = 1500;
				LastUpgradeCheck = 1500;
				TargetAttributes = {
					534E54A42B3EC57C0052AF72 = {
						CreatedOnToolsVersion = 15.0.1;
					};
					534E54B42B3EC57E0052AF72 = {
						CreatedOnToolsVersion = 15.0.1;
						TestTargetID = 534E54A42B3EC57C0052AF72;
					};
				};
			};
			buildConfigurationList = 534E54A02B3EC57C0052AF72 /* Build configuration list for PBXProject "LearningLover" */;
			compatibilityVersion = "Xcode 14.0";
			developmentRegion = en;
			hasScannedForEncodings = 0;
			knownRegions = (
				en,
				Base,
			);
			mainGroup = 534E549C2B3EC57C0052AF72;
			packageReferences = (
				534E54D32B3ECB6C0052AF72 /* XCRemoteSwiftPackageReference "ViewInspector" */,
			);
			productRefGroup = 534E54A62B3EC57C0052AF72 /* Products */;
			projectDirPath = "";
			projectRoot = "";
			targets = (
				534E54A42B3EC57C0052AF72 /* LearningLover */,
				534E54B42B3EC57E0052AF72 /* LearningLoverTests */,
			);
		};
/* End PBXProject section */

/* Begin PBXResourcesBuildPhase section */
		534E54A32B3EC57C0052AF72 /* Resources */ = {
			isa = PBXResourcesBuildPhase;
			buildActionMask = 2147483647;
			files = (
				534E54B02B3EC57E0052AF72 /* Preview Assets.xcassets in Resources */,
				534E54AD2B3EC57E0052AF72 /* Assets.xcassets in Resources */,
			);
			runOnlyForDeploymentPostprocessing = 0;
		};
		534E54B32B3EC57E0052AF72 /* Resources */ = {
			isa = PBXResourcesBuildPhase;
			buildActionMask = 2147483647;
			files = (
			);
			runOnlyForDeploymentPostprocessing = 0;
		};
/* End PBXResourcesBuildPhase section */

/* Begin PBXSourcesBuildPhase section */
		534E54A12B3EC57C0052AF72 /* Sources */ = {
			isa = PBXSourcesBuildPhase;
			buildActionMask = 2147483647;
			files = (
				534E54AB2B3EC57C0052AF72 /* ContentView.swift in Sources */,
				534E54A92B3EC57C0052AF72 /* LearningLoverApp.swift in Sources */,
			);
			runOnlyForDeploymentPostprocessing = 0;
		};
		534E54B12B3EC57E0052AF72 /* Sources */ = {
			isa = PBXSourcesBuildPhase;
			buildActionMask = 2147483647;
			files = (
				534E54BA2B3EC57E0052AF72 /* LearningLoverTests.swift in Sources */,
			);
			runOnlyForDeploymentPostprocessing = 0;
		};
/* End PBXSourcesBuildPhase section */

/* Begin PBXTargetDependency section */
		534E54B72B3EC57E0052AF72 /* PBXTargetDependency */ = {
			isa = PBXTargetDependency;
			target = 534E54A42B3EC57C0052AF72 /* LearningLover */;
			targetProxy = 534E54B62B3EC57E0052AF72 /* PBXContainerItemProxy */;
		};
/* End PBXTargetDependency section */

/* Begin XCBuildConfiguration section */
		534E54C72B3EC57E0052AF72 /* Debug */ = {
			isa = XCBuildConfiguration;
			buildSettings = {
				ALWAYS_SEARCH_USER_PATHS = NO;
				ASSETCATALOG_COMPILER_GENERATE_SWIFT_ASSET_SYMBOL_EXTENSIONS = YES;
				CLANG_ANALYZER_NONNULL = YES;
				CLANG_ANALYZER_NUMBER_OBJECT_CONVERSION = YES_AGGRESSIVE;
				CLANG_CXX_LANGUAGE_STANDARD = "gnu++20";
				CLANG_ENABLE_MODULES = YES;
				CLANG_ENABLE_OBJC_ARC = YES;
				CLANG_ENABLE_OBJC_WEAK = YES;
				CLANG_WARN_BLOCK_CAPTURE_AUTORELEASING = YES;
				CLANG_WARN_BOOL_CONVERSION = YES;
				CLANG_WARN_COMMA = YES;
				CLANG_WARN_CONSTANT_CONVERSION = YES;
				CLANG_WARN_DEPRECATED_OBJC_IMPLEMENTATIONS = YES;
				CLANG_WARN_DIRECT_OBJC_ISA_USAGE = YES_ERROR;
				CLANG_WARN_DOCUMENTATION_COMMENTS = YES;
				CLANG_WARN_EMPTY_BODY = YES;
				CLANG_WARN_ENUM_CONVERSION = YES;
				CLANG_WARN_INFINITE_RECURSION = YES;
				CLANG_WARN_INT_CONVERSION = YES;
				CLANG_WARN_NON_LITERAL_NULL_CONVERSION = YES;
				CLANG_WARN_OBJC_IMPLICIT_RETAIN_SELF = YES;
				CLANG_WARN_OBJC_LITERAL_CONVERSION = YES;
				CLANG_WARN_OBJC_ROOT_CLASS = YES_ERROR;
				CLANG_WARN_QUOTED_INCLUDE_IN_FRAMEWORK_HEADER = YES;
				CLANG_WARN_RANGE_LOOP_ANALYSIS = YES;
				CLANG_WARN_STRICT_PROTOTYPES = YES;
				CLANG_WARN_SUSPICIOUS_MOVE = YES;
				CLANG_WARN_UNGUARDED_AVAILABILITY = YES_AGGRESSIVE;
				CLANG_WARN_UNREACHABLE_CODE = YES;
				CLANG_WARN__DUPLICATE_METHOD_MATCH = YES;
				COPY_PHASE_STRIP = NO;
				DEBUG_INFORMATION_FORMAT = dwarf;
				ENABLE_STRICT_OBJC_MSGSEND = YES;
				ENABLE_TESTABILITY = YES;
				ENABLE_USER_SCRIPT_SANDBOXING = YES;
				GCC_C_LANGUAGE_STANDARD = gnu17;
				GCC_DYNAMIC_NO_PIC = NO;
				GCC_NO_COMMON_BLOCKS = YES;
				GCC_OPTIMIZATION_LEVEL = 0;
				GCC_PREPROCESSOR_DEFINITIONS = (
					"DEBUG=1",
					"$(inherited)",
				);
				GCC_WARN_64_TO_32_BIT_CONVERSION = YES;
				GCC_WARN_ABOUT_RETURN_TYPE = YES_ERROR;
				GCC_WARN_UNDECLARED_SELECTOR = YES;
				GCC_WARN_UNINITIALIZED_AUTOS = YES_AGGRESSIVE;
				GCC_WARN_UNUSED_FUNCTION = YES;
				GCC_WARN_UNUSED_VARIABLE = YES;
				IPHONEOS_DEPLOYMENT_TARGET = 17.0;
				LOCALIZATION_PREFERS_STRING_CATALOGS = YES;
				MTL_ENABLE_DEBUG_INFO = INCLUDE_SOURCE;
				MTL_FAST_MATH = YES;
				ONLY_ACTIVE_ARCH = YES;
				SDKROOT = iphoneos;
				SWIFT_ACTIVE_COMPILATION_CONDITIONS = "DEBUG $(inherited)";
				SWIFT_OPTIMIZATION_LEVEL = "-Onone";
			};
			name = Debug;
		};
		534E54C82B3EC57E0052AF72 /* Release */ = {
			isa = XCBuildConfiguration;
			buildSettings = {
				ALWAYS_SEARCH_USER_PATHS = NO;
				ASSETCATALOG_COMPILER_GENERATE_SWIFT_ASSET_SYMBOL_EXTENSIONS = YES;
				CLANG_ANALYZER_NONNULL = YES;
				CLANG_ANALYZER_NUMBER_OBJECT_CONVERSION = YES_AGGRESSIVE;
				CLANG_CXX_LANGUAGE_STANDARD = "gnu++20";
				CLANG_ENABLE_MODULES = YES;
				CLANG_ENABLE_OBJC_ARC = YES;
				CLANG_ENABLE_OBJC_WEAK = YES;
				CLANG_WARN_BLOCK_CAPTURE_AUTORELEASING = YES;
				CLANG_WARN_BOOL_CONVERSION = YES;
				CLANG_WARN_COMMA = YES;
				CLANG_WARN_CONSTANT_CONVERSION = YES;
				CLANG_WARN_DEPRECATED_OBJC_IMPLEMENTATIONS = YES;
				CLANG_WARN_DIRECT_OBJC_ISA_USAGE = YES_ERROR;
				CLANG_WARN_DOCUMENTATION_COMMENTS = YES;
				CLANG_WARN_EMPTY_BODY = YES;
				CLANG_WARN_ENUM_CONVERSION = YES;
				CLANG_WARN_INFINITE_RECURSION = YES;
				CLANG_WARN_INT_CONVERSION = YES;
				CLANG_WARN_NON_LITERAL_NULL_CONVERSION = YES;
				CLANG_WARN_OBJC_IMPLICIT_RETAIN_SELF = YES;
				CLANG_WARN_OBJC_LITERAL_CONVERSION = YES;
				CLANG_WARN_OBJC_ROOT_CLASS = YES_ERROR;
				CLANG_WARN_QUOTED_INCLUDE_IN_FRAMEWORK_HEADER = YES;
				CLANG_WARN_RANGE_LOOP_ANALYSIS = YES;
				CLANG_WARN_STRICT_PROTOTYPES = YES;
				CLANG_WARN_SUSPICIOUS_MOVE = YES;
				CLANG_WARN_UNGUARDED_AVAILABILITY = YES_AGGRESSIVE;
				CLANG_WARN_UNREACHABLE_CODE = YES;
				CLANG_WARN__DUPLICATE_METHOD_MATCH = YES;
				COPY_PHASE_STRIP = NO;
				DEBUG_INFORMATION_FORMAT = "dwarf-with-dsym";
				ENABLE_NS_ASSERTIONS = NO;
				ENABLE_STRICT_OBJC_MSGSEND = YES;
				ENABLE_USER_SCRIPT_SANDBOXING = YES;
				GCC_C_LANGUAGE_STANDARD = gnu17;
				GCC_NO_COMMON_BLOCKS = YES;
				GCC_WARN_64_TO_32_BIT_CONVERSION = YES;
				GCC_WARN_ABOUT_RETURN_TYPE = YES_ERROR;
				GCC_WARN_UNDECLARED_SELECTOR = YES;
				GCC_WARN_UNINITIALIZED_AUTOS = YES_AGGRESSIVE;
				GCC_WARN_UNUSED_FUNCTION = YES;
				GCC_WARN_UNUSED_VARIABLE = YES;
				IPHONEOS_DEPLOYMENT_TARGET = 17.0;
				LOCALIZATION_PREFERS_STRING_CATALOGS = YES;
				MTL_ENABLE_DEBUG_INFO = NO;
				MTL_FAST_MATH = YES;
				SDKROOT = iphoneos;
				SWIFT_COMPILATION_MODE = wholemodule;
				VALIDATE_PRODUCT = YES;
			};
			name = Release;
		};
		534E54CA2B3EC57E0052AF72 /* Debug */ = {
			isa = XCBuildConfiguration;
			buildSettings = {
				ASSETCATALOG_COMPILER_APPICON_NAME = AppIcon;
				ASSETCATALOG_COMPILER_GLOBAL_ACCENT_COLOR_NAME = AccentColor;
				CODE_SIGN_STYLE = Automatic;
				CURRENT_PROJECT_VERSION = 1;
				DEVELOPMENT_ASSET_PATHS = "\"LearningLover/Preview Content\"";
				ENABLE_PREVIEWS = YES;
				GENERATE_INFOPLIST_FILE = YES;
				INFOPLIST_KEY_UIApplicationSceneManifest_Generation = YES;
				INFOPLIST_KEY_UIApplicationSupportsIndirectInputEvents = YES;
				INFOPLIST_KEY_UILaunchScreen_Generation = YES;
				INFOPLIST_KEY_UISupportedInterfaceOrientations_iPad = "UIInterfaceOrientationPortrait UIInterfaceOrientationPortraitUpsideDown UIInterfaceOrientationLandscapeLeft UIInterfaceOrientationLandscapeRight";
				INFOPLIST_KEY_UISupportedInterfaceOrientations_iPhone = "UIInterfaceOrientationPortrait UIInterfaceOrientationLandscapeLeft UIInterfaceOrientationLandscapeRight";
				LD_RUNPATH_SEARCH_PATHS = (
					"$(inherited)",
					"@executable_path/Frameworks",
				);
				MARKETING_VERSION = 1.0;
				PRODUCT_BUNDLE_IDENTIFIER = com.sinhlh.LearningLover;
				PRODUCT_NAME = "$(TARGET_NAME)";
				SWIFT_EMIT_LOC_STRINGS = YES;
				SWIFT_VERSION = 5.0;
				TARGETED_DEVICE_FAMILY = "1,2";
			};
			name = Debug;
		};
		534E54CB2B3EC57E0052AF72 /* Release */ = {
			isa = XCBuildConfiguration;
			buildSettings = {
				ASSETCATALOG_COMPILER_APPICON_NAME = AppIcon;
				ASSETCATALOG_COMPILER_GLOBAL_ACCENT_COLOR_NAME = AccentColor;
				CODE_SIGN_STYLE = Automatic;
				CURRENT_PROJECT_VERSION = 1;
				DEVELOPMENT_ASSET_PATHS = "\"LearningLover/Preview Content\"";
				ENABLE_PREVIEWS = YES;
				GENERATE_INFOPLIST_FILE = YES;
				INFOPLIST_KEY_UIApplicationSceneManifest_Generation = YES;
				INFOPLIST_KEY_UIApplicationSupportsIndirectInputEvents = YES;
				INFOPLIST_KEY_UILaunchScreen_Generation = YES;
				INFOPLIST_KEY_UISupportedInterfaceOrientations_iPad = "UIInterfaceOrientationPortrait UIInterfaceOrientationPortraitUpsideDown UIInterfaceOrientationLandscapeLeft UIInterfaceOrientationLandscapeRight";
				INFOPLIST_KEY_UISupportedInterfaceOrientations_iPhone = "UIInterfaceOrientationPortrait UIInterfaceOrientationLandscapeLeft UIInterfaceOrientationLandscapeRight";
				LD_RUNPATH_SEARCH_PATHS = (
					"$(inherited)",
					"@executable_path/Frameworks",
				);
				MARKETING_VERSION = 1.0;
				PRODUCT_BUNDLE_IDENTIFIER = com.sinhlh.LearningLover;
				PRODUCT_NAME = "$(TARGET_NAME)";
				SWIFT_EMIT_LOC_STRINGS = YES;
				SWIFT_VERSION = 5.0;
				TARGETED_DEVICE_FAMILY = "1,2";
			};
			name = Release;
		};
		534E54CD2B3EC57E0052AF72 /* Debug */ = {
			isa = XCBuildConfiguration;
			buildSettings = {
				ALWAYS_EMBED_SWIFT_STANDARD_LIBRARIES = YES;
				BUNDLE_LOADER = "$(TEST_HOST)";
				CODE_SIGN_STYLE = Automatic;
				CURRENT_PROJECT_VERSION = 1;
				GENERATE_INFOPLIST_FILE = YES;
				IPHONEOS_DEPLOYMENT_TARGET = 17.0;
				MARKETING_VERSION = 1.0;
				PRODUCT_BUNDLE_IDENTIFIER = com.sinhlh.LearningLoverTests;
				PRODUCT_NAME = "$(TARGET_NAME)";
				SWIFT_EMIT_LOC_STRINGS = NO;
				SWIFT_VERSION = 5.0;
				TARGETED_DEVICE_FAMILY = "1,2";
				TEST_HOST = "$(BUILT_PRODUCTS_DIR)/LearningLover.app/$(BUNDLE_EXECUTABLE_FOLDER_PATH)/LearningLover";
			};
			name = Debug;
		};
		534E54CE2B3EC57E0052AF72 /* Release */ = {
			isa = XCBuildConfiguration;
			buildSettings = {
				ALWAYS_EMBED_SWIFT_STANDARD_LIBRARIES = YES;
				BUNDLE_LOADER = "$(TEST_HOST)";
				CODE_SIGN_STYLE = Automatic;
				CURRENT_PROJECT_VERSION = 1;
				GENERATE_INFOPLIST_FILE = YES;
				IPHONEOS_DEPLOYMENT_TARGET = 17.0;
				MARKETING_VERSION = 1.0;
				PRODUCT_BUNDLE_IDENTIFIER = com.sinhlh.LearningLoverTests;
				PRODUCT_NAME = "$(TARGET_NAME)";
				SWIFT_EMIT_LOC_STRINGS = NO;
				SWIFT_VERSION = 5.0;
				TARGETED_DEVICE_FAMILY = "1,2";
				TEST_HOST = "$(BUILT_PRODUCTS_DIR)/LearningLover.app/$(BUNDLE_EXECUTABLE_FOLDER_PATH)/LearningLover";
			};
			name = Release;
		};
/* End XCBuildConfiguration section */

/* Begin XCConfigurationList section */
		534E54A02B3EC57C0052AF72 /* Build configuration list for PBXProject "LearningLover" */ = {
			isa = XCConfigurationList;
			buildConfigurations = (
				534E54C72B3EC57E0052AF72 /* Debug */,
				534E54C82B3EC57E0052AF72 /* Release */,
			);
			defaultConfigurationIsVisible = 0;
			defaultConfigurationName = Release;
		};
		534E54C92B3EC57E0052AF72 /* Build configuration list for PBXNativeTarget "LearningLover" */ = {
			isa = XCConfigurationList;
			buildConfigurations = (
				534E54CA2B3EC57E0052AF72 /* Debug */,
				534E54CB2B3EC57E0052AF72 /* Release */,
			);
			defaultConfigurationIsVisible = 0;
			defaultConfigurationName = Release;
		};
		534E54CC2B3EC57E0052AF72 /* Build configuration list for PBXNativeTarget "LearningLoverTests" */ = {
			isa = XCConfigurationList;
			buildConfigurations = (
				534E54CD2B3EC57E0052AF72 /* Debug */,
				534E54CE2B3EC57E0052AF72 /* Release */,
			);
			defaultConfigurationIsVisible = 0;
			defaultConfigurationName = Release;
		};
/* End XCConfigurationList section */

/* Begin XCRemoteSwiftPackageReference section */
		534E54D32B3ECB6C0052AF72 /* XCRemoteSwiftPackageReference "ViewInspector" */ = {
			isa = XCRemoteSwiftPackageReference;
			repositoryURL = "https://github.com/nalexn/ViewInspector";
			requirement = {
				kind = exactVersion;
				version = 0.9.9;
			};
		};
/* End XCRemoteSwiftPackageReference section */

/* Begin XCSwiftPackageProductDependency section */
		534E54D42B3ECB6C0052AF72 /* ViewInspector */ = {
			isa = XCSwiftPackageProductDependency;
			package = 534E54D32B3ECB6C0052AF72 /* XCRemoteSwiftPackageReference "ViewInspector" */;
			productName = ViewInspector;
		};
		534E54D72B3ECF670052AF72 /* ViewInspector */ = {
			isa = XCSwiftPackageProductDependency;
			package = 534E54D32B3ECB6C0052AF72 /* XCRemoteSwiftPackageReference "ViewInspector" */;
			productName = ViewInspector;
		};
/* End XCSwiftPackageProductDependency section */
	};
	rootObject = 534E549D2B3EC57C0052AF72 /* Project object */;
}
