// !$*UTF8*$!
{
	archiveVersion = 1;
	classes = {
	};
	objectVersion = 56;
	objects = {

/* Begin PBXBuildFile section */
		53CE6ED72B43EB030037C78F /* LHSCore.framework in Frameworks */ = {isa = PBXBuildFile; fileRef = 53CE6ECE2B43EB030037C78F /* LHSCore.framework */; };
		53CE6EDD2B43EB030037C78F /* LHSCore.h in Headers */ = {isa = PBXBuildFile; fileRef = 53CE6ED12B43EB030037C78F /* LHSCore.h */; settings = {ATTRIBUTES = (Public, ); }; };
		53CE6EE72B450E560037C78F /* CategoryItem.swift in Sources */ = {isa = PBXBuildFile; fileRef = 53CE6EE62B450E560037C78F /* CategoryItem.swift */; };
		53CE6EE92B450F040037C78F /* CategoryLoader.swift in Sources */ = {isa = PBXBuildFile; fileRef = 53CE6EE82B450F040037C78F /* CategoryLoader.swift */; };
		53CE6EEF2B4514880037C78F /* RemoteCategoryLoaderTest.swift in Sources */ = {isa = PBXBuildFile; fileRef = 53CE6EEE2B4514880037C78F /* RemoteCategoryLoaderTest.swift */; };
/* End PBXBuildFile section */

/* Begin PBXContainerItemProxy section */
		53CE6ED82B43EB030037C78F /* PBXContainerItemProxy */ = {
			isa = PBXContainerItemProxy;
			containerPortal = 53CE6EC52B43EB030037C78F /* Project object */;
			proxyType = 1;
			remoteGlobalIDString = 53CE6ECD2B43EB030037C78F;
			remoteInfo = LHSCore;
		};
/* End PBXContainerItemProxy section */

/* Begin PBXFileReference section */
		53CE6ECE2B43EB030037C78F /* LHSCore.framework */ = {isa = PBXFileReference; explicitFileType = wrapper.framework; includeInIndex = 0; path = LHSCore.framework; sourceTree = BUILT_PRODUCTS_DIR; };
		53CE6ED12B43EB030037C78F /* LHSCore.h */ = {isa = PBXFileReference; lastKnownFileType = sourcecode.c.h; path = LHSCore.h; sourceTree = "<group>"; };
		53CE6ED62B43EB030037C78F /* LHSCoreTests.xctest */ = {isa = PBXFileReference; explicitFileType = wrapper.cfbundle; includeInIndex = 0; path = LHSCoreTests.xctest; sourceTree = BUILT_PRODUCTS_DIR; };
		53CE6EE62B450E560037C78F /* CategoryItem.swift */ = {isa = PBXFileReference; lastKnownFileType = sourcecode.swift; path = CategoryItem.swift; sourceTree = "<group>"; };
		53CE6EE82B450F040037C78F /* CategoryLoader.swift */ = {isa = PBXFileReference; lastKnownFileType = sourcecode.swift; path = CategoryLoader.swift; sourceTree = "<group>"; };
		53CE6EEE2B4514880037C78F /* RemoteCategoryLoaderTest.swift */ = {isa = PBXFileReference; lastKnownFileType = sourcecode.swift; path = RemoteCategoryLoaderTest.swift; sourceTree = "<group>"; };
/* End PBXFileReference section */

/* Begin PBXFrameworksBuildPhase section */
		53CE6ECB2B43EB030037C78F /* Frameworks */ = {
			isa = PBXFrameworksBuildPhase;
			buildActionMask = 2147483647;
			files = (
			);
			runOnlyForDeploymentPostprocessing = 0;
		};
		53CE6ED32B43EB030037C78F /* Frameworks */ = {
			isa = PBXFrameworksBuildPhase;
			buildActionMask = 2147483647;
			files = (
				53CE6ED72B43EB030037C78F /* LHSCore.framework in Frameworks */,
			);
			runOnlyForDeploymentPostprocessing = 0;
		};
/* End PBXFrameworksBuildPhase section */

/* Begin PBXGroup section */
		53CE6EC42B43EB030037C78F = {
			isa = PBXGroup;
			children = (
				53CE6ED02B43EB030037C78F /* LHSCore */,
				53CE6EDA2B43EB030037C78F /* LHSCoreTests */,
				53CE6ECF2B43EB030037C78F /* Products */,
			);
			sourceTree = "<group>";
		};
		53CE6ECF2B43EB030037C78F /* Products */ = {
			isa = PBXGroup;
			children = (
				53CE6ECE2B43EB030037C78F /* LHSCore.framework */,
				53CE6ED62B43EB030037C78F /* LHSCoreTests.xctest */,
			);
			name = Products;
			sourceTree = "<group>";
		};
		53CE6ED02B43EB030037C78F /* LHSCore */ = {
			isa = PBXGroup;
			children = (
				53CE6ED12B43EB030037C78F /* LHSCore.h */,
				53CE6EEA2B4512110037C78F /* Category Feature */,
			);
			path = LHSCore;
			sourceTree = "<group>";
		};
		53CE6EDA2B43EB030037C78F /* LHSCoreTests */ = {
			isa = PBXGroup;
			children = (
				53CE6EEE2B4514880037C78F /* RemoteCategoryLoaderTest.swift */,
			);
			path = LHSCoreTests;
			sourceTree = "<group>";
		};
		53CE6EEA2B4512110037C78F /* Category Feature */ = {
			isa = PBXGroup;
			children = (
				53CE6EE82B450F040037C78F /* CategoryLoader.swift */,
				53CE6EE62B450E560037C78F /* CategoryItem.swift */,
			);
			path = "Category Feature";
			sourceTree = "<group>";
		};
/* End PBXGroup section */

/* Begin PBXHeadersBuildPhase section */
		53CE6EC92B43EB030037C78F /* Headers */ = {
			isa = PBXHeadersBuildPhase;
			buildActionMask = 2147483647;
			files = (
				53CE6EDD2B43EB030037C78F /* LHSCore.h in Headers */,
			);
			runOnlyForDeploymentPostprocessing = 0;
		};
/* End PBXHeadersBuildPhase section */

/* Begin PBXNativeTarget section */
		53CE6ECD2B43EB030037C78F /* LHSCore */ = {
			isa = PBXNativeTarget;
			buildConfigurationList = 53CE6EE02B43EB030037C78F /* Build configuration list for PBXNativeTarget "LHSCore" */;
			buildPhases = (
				53CE6EC92B43EB030037C78F /* Headers */,
				53CE6ECA2B43EB030037C78F /* Sources */,
				53CE6ECB2B43EB030037C78F /* Frameworks */,
				53CE6ECC2B43EB030037C78F /* Resources */,
			);
			buildRules = (
			);
			dependencies = (
			);
			name = LHSCore;
			productName = LHSCore;
			productReference = 53CE6ECE2B43EB030037C78F /* LHSCore.framework */;
			productType = "com.apple.product-type.framework";
		};
		53CE6ED52B43EB030037C78F /* LHSCoreTests */ = {
			isa = PBXNativeTarget;
			buildConfigurationList = 53CE6EE32B43EB030037C78F /* Build configuration list for PBXNativeTarget "LHSCoreTests" */;
			buildPhases = (
				53CE6ED22B43EB030037C78F /* Sources */,
				53CE6ED32B43EB030037C78F /* Frameworks */,
				53CE6ED42B43EB030037C78F /* Resources */,
			);
			buildRules = (
			);
			dependencies = (
				53CE6ED92B43EB030037C78F /* PBXTargetDependency */,
			);
			name = LHSCoreTests;
			productName = LHSCoreTests;
			productReference = 53CE6ED62B43EB030037C78F /* LHSCoreTests.xctest */;
			productType = "com.apple.product-type.bundle.unit-test";
		};
/* End PBXNativeTarget section */

/* Begin PBXProject section */
		53CE6EC52B43EB030037C78F /* Project object */ = {
			isa = PBXProject;
			attributes = {
				BuildIndependentTargetsInParallel = 1;
				LastSwiftUpdateCheck = 1500;
				LastUpgradeCheck = 1500;
				TargetAttributes = {
					53CE6ECD2B43EB030037C78F = {
						CreatedOnToolsVersion = 15.0.1;
						LastSwiftMigration = 1500;
					};
					53CE6ED52B43EB030037C78F = {
						CreatedOnToolsVersion = 15.0.1;
						LastSwiftMigration = 1500;
					};
				};
			};
			buildConfigurationList = 53CE6EC82B43EB030037C78F /* Build configuration list for PBXProject "LHSCore" */;
			compatibilityVersion = "Xcode 14.0";
			developmentRegion = en;
			hasScannedForEncodings = 0;
			knownRegions = (
				en,
				Base,
			);
			mainGroup = 53CE6EC42B43EB030037C78F;
			productRefGroup = 53CE6ECF2B43EB030037C78F /* Products */;
			projectDirPath = "";
			projectRoot = "";
			targets = (
				53CE6ECD2B43EB030037C78F /* LHSCore */,
				53CE6ED52B43EB030037C78F /* LHSCoreTests */,
			);
		};
/* End PBXProject section */

/* Begin PBXResourcesBuildPhase section */
		53CE6ECC2B43EB030037C78F /* Resources */ = {
			isa = PBXResourcesBuildPhase;
			buildActionMask = 2147483647;
			files = (
			);
			runOnlyForDeploymentPostprocessing = 0;
		};
		53CE6ED42B43EB030037C78F /* Resources */ = {
			isa = PBXResourcesBuildPhase;
			buildActionMask = 2147483647;
			files = (
			);
			runOnlyForDeploymentPostprocessing = 0;
		};
/* End PBXResourcesBuildPhase section */

/* Begin PBXSourcesBuildPhase section */
		53CE6ECA2B43EB030037C78F /* Sources */ = {
			isa = PBXSourcesBuildPhase;
			buildActionMask = 2147483647;
			files = (
				53CE6EE92B450F040037C78F /* CategoryLoader.swift in Sources */,
				53CE6EE72B450E560037C78F /* CategoryItem.swift in Sources */,
			);
			runOnlyForDeploymentPostprocessing = 0;
		};
		53CE6ED22B43EB030037C78F /* Sources */ = {
			isa = PBXSourcesBuildPhase;
			buildActionMask = 2147483647;
			files = (
				53CE6EEF2B4514880037C78F /* RemoteCategoryLoaderTest.swift in Sources */,
			);
			runOnlyForDeploymentPostprocessing = 0;
		};
/* End PBXSourcesBuildPhase section */

/* Begin PBXTargetDependency section */
		53CE6ED92B43EB030037C78F /* PBXTargetDependency */ = {
			isa = PBXTargetDependency;
			target = 53CE6ECD2B43EB030037C78F /* LHSCore */;
			targetProxy = 53CE6ED82B43EB030037C78F /* PBXContainerItemProxy */;
		};
/* End PBXTargetDependency section */

/* Begin XCBuildConfiguration section */
		53CE6EDE2B43EB030037C78F /* Debug */ = {
			isa = XCBuildConfiguration;
			buildSettings = {
				ALWAYS_SEARCH_USER_PATHS = NO;
				ASSETCATALOG_COMPILER_GENERATE_SWIFT_ASSET_SYMBOL_EXTENSIONS = YES;
				CLANG_ANALYZER_NONNULL = YES;
				CLANG_ANALYZER_NUMBER_OBJECT_CONVERSION = YES_AGGRESSIVE;
				CLANG_CXX_LANGUAGE_STANDARD = "gnu++20";
				CLANG_ENABLE_MODULES = YES;
				CLANG_ENABLE_OBJC_ARC = YES;
				CLANG_ENABLE_OBJC_WEAK = YES;
				CLANG_WARN_BLOCK_CAPTURE_AUTORELEASING = YES;
				CLANG_WARN_BOOL_CONVERSION = YES;
				CLANG_WARN_COMMA = YES;
				CLANG_WARN_CONSTANT_CONVERSION = YES;
				CLANG_WARN_DEPRECATED_OBJC_IMPLEMENTATIONS = YES;
				CLANG_WARN_DIRECT_OBJC_ISA_USAGE = YES_ERROR;
				CLANG_WARN_DOCUMENTATION_COMMENTS = YES;
				CLANG_WARN_EMPTY_BODY = YES;
				CLANG_WARN_ENUM_CONVERSION = YES;
				CLANG_WARN_INFINITE_RECURSION = YES;
				CLANG_WARN_INT_CONVERSION = YES;
				CLANG_WARN_NON_LITERAL_NULL_CONVERSION = YES;
				CLANG_WARN_OBJC_IMPLICIT_RETAIN_SELF = YES;
				CLANG_WARN_OBJC_LITERAL_CONVERSION = YES;
				CLANG_WARN_OBJC_ROOT_CLASS = YES_ERROR;
				CLANG_WARN_QUOTED_INCLUDE_IN_FRAMEWORK_HEADER = YES;
				CLANG_WARN_RANGE_LOOP_ANALYSIS = YES;
				CLANG_WARN_STRICT_PROTOTYPES = YES;
				CLANG_WARN_SUSPICIOUS_MOVE = YES;
				CLANG_WARN_UNGUARDED_AVAILABILITY = YES_AGGRESSIVE;
				CLANG_WARN_UNREACHABLE_CODE = YES;
				CLANG_WARN__DUPLICATE_METHOD_MATCH = YES;
				COPY_PHASE_STRIP = NO;
				CURRENT_PROJECT_VERSION = 1;
				DEBUG_INFORMATION_FORMAT = dwarf;
				ENABLE_STRICT_OBJC_MSGSEND = YES;
				ENABLE_TESTABILITY = YES;
				ENABLE_USER_SCRIPT_SANDBOXING = YES;
				GCC_C_LANGUAGE_STANDARD = gnu17;
				GCC_DYNAMIC_NO_PIC = NO;
				GCC_NO_COMMON_BLOCKS = YES;
				GCC_OPTIMIZATION_LEVEL = 0;
				GCC_PREPROCESSOR_DEFINITIONS = (
					"DEBUG=1",
					"$(inherited)",
				);
				GCC_WARN_64_TO_32_BIT_CONVERSION = YES;
				GCC_WARN_ABOUT_RETURN_TYPE = YES_ERROR;
				GCC_WARN_UNDECLARED_SELECTOR = YES;
				GCC_WARN_UNINITIALIZED_AUTOS = YES_AGGRESSIVE;
				GCC_WARN_UNUSED_FUNCTION = YES;
				GCC_WARN_UNUSED_VARIABLE = YES;
				LOCALIZATION_PREFERS_STRING_CATALOGS = YES;
				MTL_ENABLE_DEBUG_INFO = INCLUDE_SOURCE;
				MTL_FAST_MATH = YES;
				ONLY_ACTIVE_ARCH = YES;
				SWIFT_ACTIVE_COMPILATION_CONDITIONS = "DEBUG $(inherited)";
				SWIFT_OPTIMIZATION_LEVEL = "-Onone";
				VERSIONING_SYSTEM = "apple-generic";
				VERSION_INFO_PREFIX = "";
			};
			name = Debug;
		};
		53CE6EDF2B43EB030037C78F /* Release */ = {
			isa = XCBuildConfiguration;
			buildSettings = {
				ALWAYS_SEARCH_USER_PATHS = NO;
				ASSETCATALOG_COMPILER_GENERATE_SWIFT_ASSET_SYMBOL_EXTENSIONS = YES;
				CLANG_ANALYZER_NONNULL = YES;
				CLANG_ANALYZER_NUMBER_OBJECT_CONVERSION = YES_AGGRESSIVE;
				CLANG_CXX_LANGUAGE_STANDARD = "gnu++20";
				CLANG_ENABLE_MODULES = YES;
				CLANG_ENABLE_OBJC_ARC = YES;
				CLANG_ENABLE_OBJC_WEAK = YES;
				CLANG_WARN_BLOCK_CAPTURE_AUTORELEASING = YES;
				CLANG_WARN_BOOL_CONVERSION = YES;
				CLANG_WARN_COMMA = YES;
				CLANG_WARN_CONSTANT_CONVERSION = YES;
				CLANG_WARN_DEPRECATED_OBJC_IMPLEMENTATIONS = YES;
				CLANG_WARN_DIRECT_OBJC_ISA_USAGE = YES_ERROR;
				CLANG_WARN_DOCUMENTATION_COMMENTS = YES;
				CLANG_WARN_EMPTY_BODY = YES;
				CLANG_WARN_ENUM_CONVERSION = YES;
				CLANG_WARN_INFINITE_RECURSION = YES;
				CLANG_WARN_INT_CONVERSION = YES;
				CLANG_WARN_NON_LITERAL_NULL_CONVERSION = YES;
				CLANG_WARN_OBJC_IMPLICIT_RETAIN_SELF = YES;
				CLANG_WARN_OBJC_LITERAL_CONVERSION = YES;
				CLANG_WARN_OBJC_ROOT_CLASS = YES_ERROR;
				CLANG_WARN_QUOTED_INCLUDE_IN_FRAMEWORK_HEADER = YES;
				CLANG_WARN_RANGE_LOOP_ANALYSIS = YES;
				CLANG_WARN_STRICT_PROTOTYPES = YES;
				CLANG_WARN_SUSPICIOUS_MOVE = YES;
				CLANG_WARN_UNGUARDED_AVAILABILITY = YES_AGGRESSIVE;
				CLANG_WARN_UNREACHABLE_CODE = YES;
				CLANG_WARN__DUPLICATE_METHOD_MATCH = YES;
				COPY_PHASE_STRIP = NO;
				CURRENT_PROJECT_VERSION = 1;
				DEBUG_INFORMATION_FORMAT = "dwarf-with-dsym";
				ENABLE_NS_ASSERTIONS = NO;
				ENABLE_STRICT_OBJC_MSGSEND = YES;
				ENABLE_USER_SCRIPT_SANDBOXING = YES;
				GCC_C_LANGUAGE_STANDARD = gnu17;
				GCC_NO_COMMON_BLOCKS = YES;
				GCC_WARN_64_TO_32_BIT_CONVERSION = YES;
				GCC_WARN_ABOUT_RETURN_TYPE = YES_ERROR;
				GCC_WARN_UNDECLARED_SELECTOR = YES;
				GCC_WARN_UNINITIALIZED_AUTOS = YES_AGGRESSIVE;
				GCC_WARN_UNUSED_FUNCTION = YES;
				GCC_WARN_UNUSED_VARIABLE = YES;
				LOCALIZATION_PREFERS_STRING_CATALOGS = YES;
				MTL_ENABLE_DEBUG_INFO = NO;
				MTL_FAST_MATH = YES;
				SWIFT_COMPILATION_MODE = wholemodule;
				VERSIONING_SYSTEM = "apple-generic";
				VERSION_INFO_PREFIX = "";
			};
			name = Release;
		};
		53CE6EE12B43EB030037C78F /* Debug */ = {
			isa = XCBuildConfiguration;
			buildSettings = {
				CLANG_ENABLE_MODULES = YES;
				CODE_SIGN_STYLE = Automatic;
				CURRENT_PROJECT_VERSION = 1;
				DEFINES_MODULE = YES;
				DYLIB_COMPATIBILITY_VERSION = 1;
				DYLIB_CURRENT_VERSION = 1;
				DYLIB_INSTALL_NAME_BASE = "@rpath";
				ENABLE_MODULE_VERIFIER = YES;
				GENERATE_INFOPLIST_FILE = YES;
				INFOPLIST_KEY_NSHumanReadableCopyright = "";
				INSTALL_PATH = "$(LOCAL_LIBRARY_DIR)/Frameworks";
				IPHONEOS_DEPLOYMENT_TARGET = 17.0;
				LD_RUNPATH_SEARCH_PATHS = (
					"@executable_path/Frameworks",
					"@loader_path/Frameworks",
				);
				"LD_RUNPATH_SEARCH_PATHS[sdk=macosx*]" = (
					"@executable_path/../Frameworks",
					"@loader_path/Frameworks",
				);
				MACOSX_DEPLOYMENT_TARGET = 13.6;
				MARKETING_VERSION = 1.0;
				MODULE_VERIFIER_SUPPORTED_LANGUAGES = "objective-c objective-c++";
				MODULE_VERIFIER_SUPPORTED_LANGUAGE_STANDARDS = "gnu17 gnu++20";
				PRODUCT_BUNDLE_IDENTIFIER = com.sinhlh.LHSCore;
				PRODUCT_NAME = "$(TARGET_NAME:c99extidentifier)";
				SDKROOT = auto;
				SKIP_INSTALL = YES;
				SUPPORTED_PLATFORMS = "iphoneos iphonesimulator macosx";
				SWIFT_EMIT_LOC_STRINGS = YES;
				SWIFT_OPTIMIZATION_LEVEL = "-Onone";
				SWIFT_VERSION = 5.0;
				TARGETED_DEVICE_FAMILY = "1,2";
			};
			name = Debug;
		};
		53CE6EE22B43EB030037C78F /* Release */ = {
			isa = XCBuildConfiguration;
			buildSettings = {
				CLANG_ENABLE_MODULES = YES;
				CODE_SIGN_STYLE = Automatic;
				CURRENT_PROJECT_VERSION = 1;
				DEFINES_MODULE = YES;
				DYLIB_COMPATIBILITY_VERSION = 1;
				DYLIB_CURRENT_VERSION = 1;
				DYLIB_INSTALL_NAME_BASE = "@rpath";
				ENABLE_MODULE_VERIFIER = YES;
				GENERATE_INFOPLIST_FILE = YES;
				INFOPLIST_KEY_NSHumanReadableCopyright = "";
				INSTALL_PATH = "$(LOCAL_LIBRARY_DIR)/Frameworks";
				IPHONEOS_DEPLOYMENT_TARGET = 17.0;
				LD_RUNPATH_SEARCH_PATHS = (
					"@executable_path/Frameworks",
					"@loader_path/Frameworks",
				);
				"LD_RUNPATH_SEARCH_PATHS[sdk=macosx*]" = (
					"@executable_path/../Frameworks",
					"@loader_path/Frameworks",
				);
				MACOSX_DEPLOYMENT_TARGET = 13.6;
				MARKETING_VERSION = 1.0;
				MODULE_VERIFIER_SUPPORTED_LANGUAGES = "objective-c objective-c++";
				MODULE_VERIFIER_SUPPORTED_LANGUAGE_STANDARDS = "gnu17 gnu++20";
				PRODUCT_BUNDLE_IDENTIFIER = com.sinhlh.LHSCore;
				PRODUCT_NAME = "$(TARGET_NAME:c99extidentifier)";
				SDKROOT = auto;
				SKIP_INSTALL = YES;
				SUPPORTED_PLATFORMS = "iphoneos iphonesimulator macosx";
				SWIFT_EMIT_LOC_STRINGS = YES;
				SWIFT_VERSION = 5.0;
				TARGETED_DEVICE_FAMILY = "1,2";
			};
			name = Release;
		};
		53CE6EE42B43EB030037C78F /* Debug */ = {
			isa = XCBuildConfiguration;
			buildSettings = {
				ALWAYS_EMBED_SWIFT_STANDARD_LIBRARIES = YES;
				CLANG_ENABLE_MODULES = YES;
				CODE_SIGN_STYLE = Automatic;
				CURRENT_PROJECT_VERSION = 1;
				GENERATE_INFOPLIST_FILE = YES;
				IPHONEOS_DEPLOYMENT_TARGET = 17.0;
				MACOSX_DEPLOYMENT_TARGET = 13.6;
				MARKETING_VERSION = 1.0;
				PRODUCT_BUNDLE_IDENTIFIER = com.sinhlh.LHSCoreTests;
				PRODUCT_NAME = "$(TARGET_NAME)";
				SDKROOT = auto;
				SUPPORTED_PLATFORMS = "iphoneos iphonesimulator macosx";
				SWIFT_EMIT_LOC_STRINGS = NO;
				SWIFT_OBJC_BRIDGING_HEADER = "";
				SWIFT_OPTIMIZATION_LEVEL = "-Onone";
				SWIFT_VERSION = 5.0;
				TARGETED_DEVICE_FAMILY = "1,2";
			};
			name = Debug;
		};
		53CE6EE52B43EB030037C78F /* Release */ = {
			isa = XCBuildConfiguration;
			buildSettings = {
				ALWAYS_EMBED_SWIFT_STANDARD_LIBRARIES = YES;
				CLANG_ENABLE_MODULES = YES;
				CODE_SIGN_STYLE = Automatic;
				CURRENT_PROJECT_VERSION = 1;
				GENERATE_INFOPLIST_FILE = YES;
				IPHONEOS_DEPLOYMENT_TARGET = 17.0;
				MACOSX_DEPLOYMENT_TARGET = 13.6;
				MARKETING_VERSION = 1.0;
				PRODUCT_BUNDLE_IDENTIFIER = com.sinhlh.LHSCoreTests;
				PRODUCT_NAME = "$(TARGET_NAME)";
				SDKROOT = auto;
				SUPPORTED_PLATFORMS = "iphoneos iphonesimulator macosx";
				SWIFT_EMIT_LOC_STRINGS = NO;
				SWIFT_OBJC_BRIDGING_HEADER = "";
				SWIFT_VERSION = 5.0;
				TARGETED_DEVICE_FAMILY = "1,2";
			};
			name = Release;
		};
/* End XCBuildConfiguration section */

/* Begin XCConfigurationList section */
		53CE6EC82B43EB030037C78F /* Build configuration list for PBXProject "LHSCore" */ = {
			isa = XCConfigurationList;
			buildConfigurations = (
				53CE6EDE2B43EB030037C78F /* Debug */,
				53CE6EDF2B43EB030037C78F /* Release */,
			);
			defaultConfigurationIsVisible = 0;
			defaultConfigurationName = Release;
		};
		53CE6EE02B43EB030037C78F /* Build configuration list for PBXNativeTarget "LHSCore" */ = {
			isa = XCConfigurationList;
			buildConfigurations = (
				53CE6EE12B43EB030037C78F /* Debug */,
				53CE6EE22B43EB030037C78F /* Release */,
			);
			defaultConfigurationIsVisible = 0;
			defaultConfigurationName = Release;
		};
		53CE6EE32B43EB030037C78F /* Build configuration list for PBXNativeTarget "LHSCoreTests" */ = {
			isa = XCConfigurationList;
			buildConfigurations = (
				53CE6EE42B43EB030037C78F /* Debug */,
				53CE6EE52B43EB030037C78F /* Release */,
			);
			defaultConfigurationIsVisible = 0;
			defaultConfigurationName = Release;
		};
/* End XCConfigurationList section */
	};
	rootObject = 53CE6EC52B43EB030037C78F /* Project object */;
}
